codeberg.org/t73fde/sxhtml v0.1.1 h1:H++LyFAStN1snsCKuZ7W4tvITRX+D7lDqGSfAKcXaVU=
codeberg.org/t73fde/sxhtml v0.1.1/go.mod h1:jpEOVVCylcnOVBO5f5yPnsVl4NWfKeZH7gZZBDVyuxs=
codeberg.org/t73fde/sxpf v0.2.0 h1:ic/60KUXxx51E/YbdDF6sVvgPDp1y7kPzFO9iREUjiQ=
codeberg.org/t73fde/sxpf v0.2.0/go.mod h1:X+XmeukFGzykXmTnR1tyFmyB5kV7UdO8V1sX5gMwdRQ=
github.com/fsnotify/fsnotify v1.6.0 h1:n+5WquG0fcWoWp6xPWfHdbskMCQaFnG6PfBrh1Ky4HY=
github.com/fsnotify/fsnotify v1.6.0/go.mod h1:sl3t1tCWJFWoRz9R8WJCbQihKKwmorjAbSClcnxKAGw=
github.com/pascaldekloe/jwt v1.12.0 h1:imQSkPOtAIBAXoKKjL9ZVJuF/rVqJ+ntiLGpLyeqMUQ=
github.com/pascaldekloe/jwt v1.12.0/go.mod h1:LiIl7EwaglmH1hWThd/AmydNCnHf/mmfluBlNqHbk8U=
github.com/yuin/goldmark v1.5.4 h1:2uY/xC0roWy8IBEGLgB1ywIoEJFGmRrX21YQcvGZzjU=
github.com/yuin/goldmark v1.5.4/go.mod h1:6yULJ656Px+3vBD8DxQVa3kxgyrAnzto9xy5taEt/CY=
golang.org/x/crypto v0.9.0 h1:LF6fAI+IutBocDJ2OT0Q1g8plpYljMZ4+lty+dsqw3g=
golang.org/x/crypto v0.9.0/go.mod h1:yrmDGqONDYtNj3tH8X9dzUun2m2lzPa9ngI6/RUPGR0=
golang.org/x/sys v0.0.0-20220908164124-27713097b956/go.mod h1:oPkhp1MJrh7nUepCBck5+mAzfO9JrbApNNgaTdGDITg=
golang.org/x/sys v0.8.0 h1:EBmGv8NaZBZTWvrbjNoL6HVt+IVy3QDQpJs7VRIw3tU=
golang.org/x/sys v0.8.0/go.mod h1:oPkhp1MJrh7nUepCBck5+mAzfO9JrbApNNgaTdGDITg=
golang.org/x/term v0.8.0 h1:n5xxQn2i3PC0yLAbjTpNT85q/Kgzcr2gIoX9OrJUols=
golang.org/x/term v0.8.0/go.mod h1:xPskH00ivmX89bAKVGSKKtLOWNx2+17Eiy94tnKShWo=
golang.org/x/text v0.9.0 h1:2sjJmO8cDvYveuX97RDLsxlyUxLl+GHoLxBiRdHllBE=
golang.org/x/text v0.9.0/go.mod h1:e1OnstbJyHTd6l/uOt8jFFHp6TRDWZR/bV3emEE/zU8=
zettelstore.de/c v0.12.0 h1:fIMZCnrOaJbdA77n1u6QXkIUWOH3Yir8fjKeA8oZEOo=
zettelstore.de/c v0.12.0/go.mod h1:DJDZXPCulexzXKbt68GPrq9mIn55k3qmUUpgpiNlvTE=
