github.com/fsnotify/fsnotify v1.7.0 h1:8JEhPFa5W2WU7YfeZzPNqzMP6Lwt7L2715Ggo0nosvA=
github.com/fsnotify/fsnotify v1.7.0/go.mod h1:40Bi/Hjc2AVfZrqy+aj+yEI+/bRxZnMJyTJwOpGvigM=
github.com/yuin/goldmark v1.7.0 h1:EfOIvIMZIzHdB/R/zVrikYLPPwJlfMcNczJFMs1m6sA=
github.com/yuin/goldmark v1.7.0/go.mod h1:uzxRWxtg69N339t3louHJ7+O03ezfj6PlliRlaOzY1E=
golang.org/x/crypto v0.17.0 h1:r8bRNjWL3GshPW3gkd+RpvzWrZAwPS49OmTGZ/uhM4k=
golang.org/x/crypto v0.17.0/go.mod h1:gCAAfMLgwOJRpTjQ2zCCt2OcSfYMTeZVSRtQlPC7Nq4=
golang.org/x/sys v0.16.0 h1:xWw16ngr6ZMtmxDyKyIgsE93KNKz5HKmMa3b8ALHidU=
golang.org/x/sys v0.16.0/go.mod h1:/VUhepiaJMQUp4+oa/7Zr1D23ma6VTLIYjOOTFZPUcA=
golang.org/x/term v0.16.0 h1:m+B6fahuftsE9qjo0VWp2FW0mB3MTJvR0BaMQrq0pmE=
golang.org/x/term v0.16.0/go.mod h1:yn7UURbUtPyrVJPGPq404EukNFxcm/foM+bV/bfcDsY=
golang.org/x/text v0.14.0 h1:ScX5w1eTa3QqT8oi6+ziP7dTV1S2+ALU0bI+0zXKWiQ=
golang.org/x/text v0.14.0/go.mod h1:18ZOQIKpY8NJVqYksKHtTdi31H5itFRjB5/qKTNYzSU=
zettelstore.de/client.fossil v0.0.0-20240106185303-2acd23f67a6a h1:qvntSuzPXBUUn/etdiCOCPC/NmSizGFDUs+VwCFfvUY=
zettelstore.de/client.fossil v0.0.0-20240106185303-2acd23f67a6a/go.mod h1:fD/7LxGx9rZ9HytP4++crh4ZovCjph0H/uE84MlMSrk=
zettelstore.de/sx.fossil v0.0.0-20240106161125-3ba7ce562c8c h1:MUv4l0XMwz+GN5m0A8XGNfJJbJAK9uOwlTDjc1tSz3g=
zettelstore.de/sx.fossil v0.0.0-20240106161125-3ba7ce562c8c/go.mod h1:Uw3OLM1ufOM4Xe0G51mvkTDUv2okd+HyDBMx+0ZG7ME=
